{
  "version": "1.0",
  "secrets": {
    "gist_publish_token": {
      "hash": "2fd810e53b61c5113e4aa89291421e009e81d4100b63f94206adb5341b4b920b",
      "created_at": "2026-07-30T14:06:30.504465+00:00",
      "updated_at": "2026-07-30T14:06:30.504465+00:00",
      "last_rotated": null,
      "rotation_count": 0,
      "definition_hash": "92b93ae3f263603d3f518b6cd5708939ecd0e5159464359ecaf35aac7d9d39b7",
      "targets": {
        "github/github_secret/TOKEN": "2fd810e53b61c5113e4aa89291421e009e81d4100b63f94206adb5341b4b920b"
      },
      "target_provenance": {
        "github/github_secret/TOKEN": [
          {
            "updated_at": "2026-07-30T14:06:30.504601+00:00",
            "actor": {
              "client": "cli",
              "secretzero_version": "0.14.17",
              "os_user": "zacharyloeber",
              "os_uid": 501,
              "os_euid": 501,
              "hostname": "Zacharys-MacBook-Pro.local",
              "host_fqdn": "Zacharys-MacBook-Pro.local",
              "platform": "macOS-26.5.2-arm64-arm-64bit-Mach-O",
              "git_user_name": "Zachary Loeber",
              "git_user_email": "zloeber@gmail.com",
              "git_commit_sha": "7f9d631",
              "provider": "github",
              "provider_name": "github",
              "user": "zloeber",
              "name": "Zachary Loeber",
              "scopes": [],
              "token_type": "PAT"
            }
          }
        ]
      }
    }
  },
  "secretfile": {
    "filename": "Secretfile.yml",
    "hash": "bad00e81ccc86b65be9f6f544182d38a465a0eb0b3f8dc8be545df822aa3cb30",
    "synced_at": "2026-07-30T14:06:10.265450+00:00",
    "var_files": [],
    "variables_hash": "44136fa355b3678a1146ad16f7e8649e94fb4fc21fe77e8310c060f61caaff8a",
    "sync_identity": {
      "client": "cli",
      "secretzero_version": "0.14.17",
      "os_user": "zacharyloeber",
      "os_uid": 501,
      "os_euid": 501,
      "hostname": "Zacharys-MacBook-Pro.local",
      "host_fqdn": "Zacharys-MacBook-Pro.local",
      "platform": "macOS-26.5.2-arm64-arm-64bit-Mach-O",
      "git_user_name": "Zachary Loeber",
      "git_user_email": "zloeber@gmail.com",
      "git_commit_sha": "7f9d631"
    },
    "manifest_spec_version": "1"
  },
  "metadata": {}
}