{
  "version": "1.0",
  "secrets": {
    "gist_publish_token": {
      "hash": "96945be5f4a381f817e9d03bae8482f4f09c117f2e9e3e06990395425a2ce553",
      "created_at": "2026-07-30T14:06:30.504465+00:00",
      "updated_at": "2026-07-30T15:16:51.436774+00:00",
      "last_rotated": null,
      "rotation_count": 0,
      "definition_hash": "a91d385722489f5bbd1ca26c86446e50ae9c8b07d039a3708978555267d793b6",
      "targets": {
        "github/github_secret/GIST_PUBLISH_TOKEN": "96945be5f4a381f817e9d03bae8482f4f09c117f2e9e3e06990395425a2ce553"
      },
      "target_provenance": {
        "github/github_secret/GIST_PUBLISH_TOKEN": [
          {
            "updated_at": "2026-07-30T15:16:51.436915+00:00",
            "actor": {
              "client": "cli",
              "secretzero_version": "0.14.17",
              "os_user": "zacharyloeber",
              "os_uid": 501,
              "os_euid": 501,
              "hostname": "Zacharys-MacBook-Pro.local",
              "host_fqdn": "Zacharys-MacBook-Pro.local",
              "platform": "macOS-26.5.2-arm64-arm-64bit-Mach-O",
              "git_user_name": "Zachary Loeber",
              "git_user_email": "zloeber@gmail.com",
              "git_commit_sha": "4d12202",
              "provider": "github",
              "provider_name": "github",
              "user": "zloeber",
              "name": "Zachary Loeber",
              "scopes": [],
              "token_type": "PAT"
            }
          }
        ]
      }
    }
  },
  "secretfile": {
    "filename": "Secretfile.yml",
    "hash": "c5ec2a68419be97cb9b1a0c1f2e284e731bad156a5382e317ec4e78d5d0367f3",
    "synced_at": "2026-07-30T15:16:45.963227+00:00",
    "var_files": [],
    "variables_hash": "44136fa355b3678a1146ad16f7e8649e94fb4fc21fe77e8310c060f61caaff8a",
    "sync_identity": {
      "client": "cli",
      "secretzero_version": "0.14.17",
      "os_user": "zacharyloeber",
      "os_uid": 501,
      "os_euid": 501,
      "hostname": "Zacharys-MacBook-Pro.local",
      "host_fqdn": "Zacharys-MacBook-Pro.local",
      "platform": "macOS-26.5.2-arm64-arm-64bit-Mach-O",
      "git_user_name": "Zachary Loeber",
      "git_user_email": "zloeber@gmail.com",
      "git_commit_sha": "4d12202"
    },
    "manifest_spec_version": "1"
  },
  "metadata": {}
}